{
  "requires": true,
  "lockfileVersion": 1,
  "dependencies": {
    "@editorjs/editorjs": {
      "version": "2.12.3",
      "resolved": "https://registry.npmjs.org/@editorjs/editorjs/-/editorjs-2.12.3.tgz",
      "integrity": "sha512-NNz3nIuain9Q4q4RbyJIK+NfLgyr182+JS/ipROJORh3jKjF1CTvCC5tsHBVx43iDu39j9QM7Y5wCcU25ZQ/+A=="
    }
  }
}
